
Microsoft Visual Studio Solution File, Format Version 12.00
# Visual Studio Version 17
VisualStudioVersion = 17.3.32804.467
MinimumVisualStudioVersion = 10.0.40219.1
Project("{2150E333-8FDC-42A3-9474-1A3956D46DE8}") = "Domain", "Domain", "{BC540803-0F3B-4D11-9D0B-78033A8E5C99}"
EndProject
Project("{2150E333-8FDC-42A3-9474-1A3956D46DE8}") = "Application", "Application", "{428C23AB-E530-4B19-A5DD-0147543E8D9D}"
EndProject
Project("{2150E333-8FDC-42A3-9474-1A3956D46DE8}") = "Core", "Core", "{A8978276-97DC-4248-BC63-5FC95AE30650}"
EndProject
Project("{2150E333-8FDC-42A3-9474-1A3956D46DE8}") = "Infrastructure", "Infrastructure", "{02386F85-62C4-4B81-89E9-26FA3D8ACB9D}"
EndProject
Project("{9A19103F-16F7-4668-BE54-9A1E7A4F7556}") = "Clicco.Domain.Core", "Core\Domain\Clicco.Domain.Core\Clicco.Domain.Core.csproj", "{D5549BB0-5298-4DEA-B197-60E8AB91A3D6}"
EndProject
Project("{9A19103F-16F7-4668-BE54-9A1E7A4F7556}") = "Clicco.Domain.Model", "Core\Domain\Clicco.Domain.Model\Clicco.Domain.Model.csproj", "{A58233C6-235D-461B-BA48-195E3D9B81E8}"
EndProject
Project("{9A19103F-16F7-4668-BE54-9A1E7A4F7556}") = "Clicco.Application", "Core\Application\Clicco.Application\Clicco.Application.csproj", "{2493CE7E-D2B4-4FB7-B9B5-5B52DB0A3CDD}"
EndProject
Project("{9A19103F-16F7-4668-BE54-9A1E7A4F7556}") = "Clicco.Persistence", "Infrastructure\Clicco.Persistence\Clicco.Persistence.csproj", "{4CF7E93E-6DDF-4DFC-B7C2-D4A435768EE6}"
EndProject
Project("{9A19103F-16F7-4668-BE54-9A1E7A4F7556}") = "Clicco.Infrastructure", "Infrastructure\Clicco.Infrastructure\Clicco.Infrastructure.csproj", "{E38452C1-754F-4E31-AD2D-E5032535489D}"
	ProjectSection(ProjectDependencies) = postProject
		{2493CE7E-D2B4-4FB7-B9B5-5B52DB0A3CDD} = {2493CE7E-D2B4-4FB7-B9B5-5B52DB0A3CDD}
	EndProjectSection
EndProject
Project("{2150E333-8FDC-42A3-9474-1A3956D46DE8}") = "Presentation", "Presentation", "{9CE3DFFE-0202-414F-9CCC-D7DCDB926560}"
EndProject
Project("{9A19103F-16F7-4668-BE54-9A1E7A4F7556}") = "Clicco.WebAPI", "Presentation\Clicco.WebAPI\Clicco.WebAPI.csproj", "{BFBBCA7B-E29B-415C-B9D8-FEE5A2B02652}"
EndProject
Project("{2150E333-8FDC-42A3-9474-1A3956D46DE8}") = "Services", "Services", "{B0555D1C-2430-4915-BBD7-7A89283C6DF3}"
EndProject
Project("{9A19103F-16F7-4668-BE54-9A1E7A4F7556}") = "Clicco.AuthServiceAPI", "Presentation\Services\Clicco.AuthAPI\Clicco.AuthServiceAPI.csproj", "{89D4E990-B80C-4721-9126-51EE40273944}"
EndProject
Project("{9A19103F-16F7-4668-BE54-9A1E7A4F7556}") = "Clicco.EmailServiceAPI", "Presentation\Services\Clicco.EmailServiceAPI\Clicco.EmailServiceAPI.csproj", "{13A94D9E-C0D5-48A1-90CD-019AE391E1D3}"
EndProject
Project("{9A19103F-16F7-4668-BE54-9A1E7A4F7556}") = "Clicco.PaymentServiceAPI", "Presentation\Services\Clicco.PaymentServiceAPI\Clicco.PaymentServiceAPI.csproj", "{F0AC40EA-64CA-461A-A8B1-77EAFC65E194}"
EndProject
Project("{9A19103F-16F7-4668-BE54-9A1E7A4F7556}") = "Clicco.InvoiceServiceAPI", "Presentation\Services\Clicco.InvoiceServiceAPI\Clicco.InvoiceServiceAPI.csproj", "{DC6D11E7-269E-4B59-A36D-CCD39A37F69F}"
EndProject
Project("{9A19103F-16F7-4668-BE54-9A1E7A4F7556}") = "Clicco.Domain.Shared", "Core\Domain\Clicco.Domain.Shared\Clicco.Domain.Shared.csproj", "{78C438CE-C355-4A6F-B998-5754D363FFAC}"
EndProject
Project("{2150E333-8FDC-42A3-9474-1A3956D46DE8}") = "Tests", "Tests", "{5B7D044E-6331-4118-B05E-9E069A0040B6}"
EndProject
Project("{2150E333-8FDC-42A3-9474-1A3956D46DE8}") = "WebApi", "WebApi", "{70188DB9-8495-46A0-8F6F-77C67BC49BE9}"
EndProject
Project("{9A19103F-16F7-4668-BE54-9A1E7A4F7556}") = "Clicco.Tests", "Tests\WebApi\Clicco.Persistence.Tests\Clicco.Tests.csproj", "{F832F79C-698A-4E8C-8E40-60F8AA4D88FF}"
EndProject
Global
	GlobalSection(SolutionConfigurationPlatforms) = preSolution
		Debug|Any CPU = Debug|Any CPU
		Release|Any CPU = Release|Any CPU
	EndGlobalSection
	GlobalSection(ProjectConfigurationPlatforms) = postSolution
		{D5549BB0-5298-4DEA-B197-60E8AB91A3D6}.Debug|Any CPU.ActiveCfg = Debug|Any CPU
		{D5549BB0-5298-4DEA-B197-60E8AB91A3D6}.Debug|Any CPU.Build.0 = Debug|Any CPU
		{D5549BB0-5298-4DEA-B197-60E8AB91A3D6}.Release|Any CPU.ActiveCfg = Release|Any CPU
		{D5549BB0-5298-4DEA-B197-60E8AB91A3D6}.Release|Any CPU.Build.0 = Release|Any CPU
		{A58233C6-235D-461B-BA48-195E3D9B81E8}.Debug|Any CPU.ActiveCfg = Debug|Any CPU
		{A58233C6-235D-461B-BA48-195E3D9B81E8}.Debug|Any CPU.Build.0 = Debug|Any CPU
		{A58233C6-235D-461B-BA48-195E3D9B81E8}.Release|Any CPU.ActiveCfg = Release|Any CPU
		{A58233C6-235D-461B-BA48-195E3D9B81E8}.Release|Any CPU.Build.0 = Release|Any CPU
		{2493CE7E-D2B4-4FB7-B9B5-5B52DB0A3CDD}.Debug|Any CPU.ActiveCfg = Debug|Any CPU
		{2493CE7E-D2B4-4FB7-B9B5-5B52DB0A3CDD}.Debug|Any CPU.Build.0 = Debug|Any CPU
		{2493CE7E-D2B4-4FB7-B9B5-5B52DB0A3CDD}.Release|Any CPU.ActiveCfg = Release|Any CPU
		{2493CE7E-D2B4-4FB7-B9B5-5B52DB0A3CDD}.Release|Any CPU.Build.0 = Release|Any CPU
		{4CF7E93E-6DDF-4DFC-B7C2-D4A435768EE6}.Debug|Any CPU.ActiveCfg = Debug|Any CPU
		{4CF7E93E-6DDF-4DFC-B7C2-D4A435768EE6}.Debug|Any CPU.Build.0 = Debug|Any CPU
		{4CF7E93E-6DDF-4DFC-B7C2-D4A435768EE6}.Release|Any CPU.ActiveCfg = Release|Any CPU
		{4CF7E93E-6DDF-4DFC-B7C2-D4A435768EE6}.Release|Any CPU.Build.0 = Release|Any CPU
		{E38452C1-754F-4E31-AD2D-E5032535489D}.Debug|Any CPU.ActiveCfg = Debug|Any CPU
		{E38452C1-754F-4E31-AD2D-E5032535489D}.Debug|Any CPU.Build.0 = Debug|Any CPU
		{E38452C1-754F-4E31-AD2D-E5032535489D}.Release|Any CPU.ActiveCfg = Release|Any CPU
		{E38452C1-754F-4E31-AD2D-E5032535489D}.Release|Any CPU.Build.0 = Release|Any CPU
		{BFBBCA7B-E29B-415C-B9D8-FEE5A2B02652}.Debug|Any CPU.ActiveCfg = Debug|Any CPU
		{BFBBCA7B-E29B-415C-B9D8-FEE5A2B02652}.Debug|Any CPU.Build.0 = Debug|Any CPU
		{BFBBCA7B-E29B-415C-B9D8-FEE5A2B02652}.Release|Any CPU.ActiveCfg = Release|Any CPU
		{BFBBCA7B-E29B-415C-B9D8-FEE5A2B02652}.Release|Any CPU.Build.0 = Release|Any CPU
		{89D4E990-B80C-4721-9126-51EE40273944}.Debug|Any CPU.ActiveCfg = Debug|Any CPU
		{89D4E990-B80C-4721-9126-51EE40273944}.Debug|Any CPU.Build.0 = Debug|Any CPU
		{89D4E990-B80C-4721-9126-51EE40273944}.Release|Any CPU.ActiveCfg = Release|Any CPU
		{89D4E990-B80C-4721-9126-51EE40273944}.Release|Any CPU.Build.0 = Release|Any CPU
		{13A94D9E-C0D5-48A1-90CD-019AE391E1D3}.Debug|Any CPU.ActiveCfg = Debug|Any CPU
		{13A94D9E-C0D5-48A1-90CD-019AE391E1D3}.Debug|Any CPU.Build.0 = Debug|Any CPU
		{13A94D9E-C0D5-48A1-90CD-019AE391E1D3}.Release|Any CPU.ActiveCfg = Release|Any CPU
		{13A94D9E-C0D5-48A1-90CD-019AE391E1D3}.Release|Any CPU.Build.0 = Release|Any CPU
		{F0AC40EA-64CA-461A-A8B1-77EAFC65E194}.Debug|Any CPU.ActiveCfg = Debug|Any CPU
		{F0AC40EA-64CA-461A-A8B1-77EAFC65E194}.Debug|Any CPU.Build.0 = Debug|Any CPU
		{F0AC40EA-64CA-461A-A8B1-77EAFC65E194}.Release|Any CPU.ActiveCfg = Release|Any CPU
		{F0AC40EA-64CA-461A-A8B1-77EAFC65E194}.Release|Any CPU.Build.0 = Release|Any CPU
		{DC6D11E7-269E-4B59-A36D-CCD39A37F69F}.Debug|Any CPU.ActiveCfg = Debug|Any CPU
		{DC6D11E7-269E-4B59-A36D-CCD39A37F69F}.Debug|Any CPU.Build.0 = Debug|Any CPU
		{DC6D11E7-269E-4B59-A36D-CCD39A37F69F}.Release|Any CPU.ActiveCfg = Release|Any CPU
		{DC6D11E7-269E-4B59-A36D-CCD39A37F69F}.Release|Any CPU.Build.0 = Release|Any CPU
		{78C438CE-C355-4A6F-B998-5754D363FFAC}.Debug|Any CPU.ActiveCfg = Debug|Any CPU
		{78C438CE-C355-4A6F-B998-5754D363FFAC}.Debug|Any CPU.Build.0 = Debug|Any CPU
		{78C438CE-C355-4A6F-B998-5754D363FFAC}.Release|Any CPU.ActiveCfg = Release|Any CPU
		{78C438CE-C355-4A6F-B998-5754D363FFAC}.Release|Any CPU.Build.0 = Release|Any CPU
		{F832F79C-698A-4E8C-8E40-60F8AA4D88FF}.Debug|Any CPU.ActiveCfg = Debug|Any CPU
		{F832F79C-698A-4E8C-8E40-60F8AA4D88FF}.Debug|Any CPU.Build.0 = Debug|Any CPU
		{F832F79C-698A-4E8C-8E40-60F8AA4D88FF}.Release|Any CPU.ActiveCfg = Release|Any CPU
		{F832F79C-698A-4E8C-8E40-60F8AA4D88FF}.Release|Any CPU.Build.0 = Release|Any CPU
	EndGlobalSection
	GlobalSection(SolutionProperties) = preSolution
		HideSolutionNode = FALSE
	EndGlobalSection
	GlobalSection(NestedProjects) = preSolution
		{BC540803-0F3B-4D11-9D0B-78033A8E5C99} = {A8978276-97DC-4248-BC63-5FC95AE30650}
		{428C23AB-E530-4B19-A5DD-0147543E8D9D} = {A8978276-97DC-4248-BC63-5FC95AE30650}
		{D5549BB0-5298-4DEA-B197-60E8AB91A3D6} = {BC540803-0F3B-4D11-9D0B-78033A8E5C99}
		{A58233C6-235D-461B-BA48-195E3D9B81E8} = {BC540803-0F3B-4D11-9D0B-78033A8E5C99}
		{2493CE7E-D2B4-4FB7-B9B5-5B52DB0A3CDD} = {428C23AB-E530-4B19-A5DD-0147543E8D9D}
		{4CF7E93E-6DDF-4DFC-B7C2-D4A435768EE6} = {02386F85-62C4-4B81-89E9-26FA3D8ACB9D}
		{E38452C1-754F-4E31-AD2D-E5032535489D} = {02386F85-62C4-4B81-89E9-26FA3D8ACB9D}
		{BFBBCA7B-E29B-415C-B9D8-FEE5A2B02652} = {9CE3DFFE-0202-414F-9CCC-D7DCDB926560}
		{B0555D1C-2430-4915-BBD7-7A89283C6DF3} = {9CE3DFFE-0202-414F-9CCC-D7DCDB926560}
		{89D4E990-B80C-4721-9126-51EE40273944} = {B0555D1C-2430-4915-BBD7-7A89283C6DF3}
		{13A94D9E-C0D5-48A1-90CD-019AE391E1D3} = {B0555D1C-2430-4915-BBD7-7A89283C6DF3}
		{F0AC40EA-64CA-461A-A8B1-77EAFC65E194} = {B0555D1C-2430-4915-BBD7-7A89283C6DF3}
		{DC6D11E7-269E-4B59-A36D-CCD39A37F69F} = {B0555D1C-2430-4915-BBD7-7A89283C6DF3}
		{78C438CE-C355-4A6F-B998-5754D363FFAC} = {BC540803-0F3B-4D11-9D0B-78033A8E5C99}
		{70188DB9-8495-46A0-8F6F-77C67BC49BE9} = {5B7D044E-6331-4118-B05E-9E069A0040B6}
		{F832F79C-698A-4E8C-8E40-60F8AA4D88FF} = {70188DB9-8495-46A0-8F6F-77C67BC49BE9}
	EndGlobalSection
	GlobalSection(ExtensibilityGlobals) = postSolution
		SolutionGuid = {5ED189FF-6738-48AA-BACA-CB01FD6FD628}
	EndGlobalSection
EndGlobal
